
Microsoft Visual Studio Solution File, Format Version 12.00
# Visual Studio Version 17
VisualStudioVersion = 17.8.34330.188
MinimumVisualStudioVersion = 10.0.40219.1
Project("{FAE04EC0-301F-11D3-BF4B-00C04F79EFBC}") = "hw16", "hw16\hw16.csproj", "{79E11FF5-BD28-4BFE-9030-9B8E3780AEFE}"
EndProject
Global
	GlobalSection(SolutionConfigurationPlatforms) = preSolution
		Debug|Any CPU = Debug|Any CPU
		Release|Any CPU = Release|Any CPU
	EndGlobalSection
	GlobalSection(ProjectConfigurationPlatforms) = postSolution
		{79E11FF5-BD28-4BFE-9030-9B8E3780AEFE}.Debug|Any CPU.ActiveCfg = Debug|Any CPU
		{79E11FF5-BD28-4BFE-9030-9B8E3780AEFE}.Debug|Any CPU.Build.0 = Debug|Any CPU
		{79E11FF5-BD28-4BFE-9030-9B8E3780AEFE}.Release|Any CPU.ActiveCfg = Release|Any CPU
		{79E11FF5-BD28-4BFE-9030-9B8E3780AEFE}.Release|Any CPU.Build.0 = Release|Any CPU
	EndGlobalSection
	GlobalSection(SolutionProperties) = preSolution
		HideSolutionNode = FALSE
	EndGlobalSection
	GlobalSection(ExtensibilityGlobals) = postSolution
		SolutionGuid = {DCCAC18F-3577-4EFC-8313-3434AC4FBAD4}
	EndGlobalSection
EndGlobal
